
Microsoft Visual Studio Solution File, Format Version 12.00
# Visual Studio Version 17
VisualStudioVersion = 17.13.35825.156 d17.13
MinimumVisualStudioVersion = 10.0.40219.1
Project("{FAE04EC0-301F-11D3-BF4B-00C04F79EFBC}") = "CsvImporter", "CsvImporter\CsvImporter.csproj", "{ED416D9C-6AEC-4AAD-8629-CB4182744B5F}"
EndProject
Project("{FAE04EC0-301F-11D3-BF4B-00C04F79EFBC}") = "CsvImporter.Data", "CsvImporter.Data\CsvImporter.Data.csproj", "{DDBA3573-5A26-46CA-BF69-0C9707933DC7}"
EndProject
Project("{FAE04EC0-301F-11D3-BF4B-00C04F79EFBC}") = "CsvImporter.Test", "CsvImporter.Test\CsvImporter.Test.csproj", "{E4828F93-DBB2-430E-9FD0-479AC19CB8FD}"
EndProject
Global
	GlobalSection(SolutionConfigurationPlatforms) = preSolution
		Debug|Any CPU = Debug|Any CPU
		Release|Any CPU = Release|Any CPU
	EndGlobalSection
	GlobalSection(ProjectConfigurationPlatforms) = postSolution
		{ED416D9C-6AEC-4AAD-8629-CB4182744B5F}.Debug|Any CPU.ActiveCfg = Debug|Any CPU
		{ED416D9C-6AEC-4AAD-8629-CB4182744B5F}.Debug|Any CPU.Build.0 = Debug|Any CPU
		{ED416D9C-6AEC-4AAD-8629-CB4182744B5F}.Release|Any CPU.ActiveCfg = Release|Any CPU
		{ED416D9C-6AEC-4AAD-8629-CB4182744B5F}.Release|Any CPU.Build.0 = Release|Any CPU
		{DDBA3573-5A26-46CA-BF69-0C9707933DC7}.Debug|Any CPU.ActiveCfg = Debug|Any CPU
		{DDBA3573-5A26-46CA-BF69-0C9707933DC7}.Debug|Any CPU.Build.0 = Debug|Any CPU
		{DDBA3573-5A26-46CA-BF69-0C9707933DC7}.Release|Any CPU.ActiveCfg = Release|Any CPU
		{DDBA3573-5A26-46CA-BF69-0C9707933DC7}.Release|Any CPU.Build.0 = Release|Any CPU
		{E4828F93-DBB2-430E-9FD0-479AC19CB8FD}.Debug|Any CPU.ActiveCfg = Debug|Any CPU
		{E4828F93-DBB2-430E-9FD0-479AC19CB8FD}.Debug|Any CPU.Build.0 = Debug|Any CPU
		{E4828F93-DBB2-430E-9FD0-479AC19CB8FD}.Release|Any CPU.ActiveCfg = Release|Any CPU
		{E4828F93-DBB2-430E-9FD0-479AC19CB8FD}.Release|Any CPU.Build.0 = Release|Any CPU
	EndGlobalSection
	GlobalSection(SolutionProperties) = preSolution
		HideSolutionNode = FALSE
	EndGlobalSection
	GlobalSection(ExtensibilityGlobals) = postSolution
		SolutionGuid = {B2DF9A80-93E9-49EB-93F4-4F05BC8C378F}
	EndGlobalSection
EndGlobal
